
Microsoft Visual Studio Solution File, Format Version 12.00
# Visual Studio Version 16
VisualStudioVersion = 16.0.30002.166
MinimumVisualStudioVersion = 10.0.40219.1
Project("{9A19103F-16F7-4668-BE54-9A1E7A4F7556}") = "Condominium.Broker", "Condominium.Broker\Condominium.Broker.csproj", "{14D913AA-ED9B-4099-AE6E-7FFDA92B3740}"
EndProject
Project("{9A19103F-16F7-4668-BE54-9A1E7A4F7556}") = "Condominium.Api", "Condominium.Api\Condominium.Api.csproj", "{40EFCC82-8C8B-45AE-9D42-F53FE3EBA34A}"
EndProject
Project("{9A19103F-16F7-4668-BE54-9A1E7A4F7556}") = "Auth.Api", "Auth.Api\Auth.Api.csproj", "{B8CBEF4E-C4AE-4BCC-80B1-16EB88DFAA25}"
EndProject
Project("{2150E333-8FDC-42A3-9474-1A3956D46DE8}") = "Tests", "Tests", "{091CA30C-46A5-4F82-850D-EA4BF74876AA}"
EndProject
Project("{9A19103F-16F7-4668-BE54-9A1E7A4F7556}") = "Condominium.Test", "Tests\Condominium.Test\Condominium.Test.csproj", "{F492F3EF-857C-43C5-80BE-9D928E45203D}"
EndProject
Project("{FAE04EC0-301F-11D3-BF4B-00C04F79EFBC}") = "Condominium.Core", "Condominium.Core\Condominium.Core.csproj", "{4EDD7CDC-64C4-4B7B-9208-9254866D2E57}"
EndProject
Project("{FAE04EC0-301F-11D3-BF4B-00C04F79EFBC}") = "Condominium.Data", "Condominium.Data\Condominium.Data.csproj", "{F7DDC361-8129-4AB7-B88C-5AB81E151BA7}"
EndProject
Global
	GlobalSection(SolutionConfigurationPlatforms) = preSolution
		Debug|Any CPU = Debug|Any CPU
		Release|Any CPU = Release|Any CPU
	EndGlobalSection
	GlobalSection(ProjectConfigurationPlatforms) = postSolution
		{14D913AA-ED9B-4099-AE6E-7FFDA92B3740}.Debug|Any CPU.ActiveCfg = Debug|Any CPU
		{14D913AA-ED9B-4099-AE6E-7FFDA92B3740}.Debug|Any CPU.Build.0 = Debug|Any CPU
		{14D913AA-ED9B-4099-AE6E-7FFDA92B3740}.Release|Any CPU.ActiveCfg = Release|Any CPU
		{14D913AA-ED9B-4099-AE6E-7FFDA92B3740}.Release|Any CPU.Build.0 = Release|Any CPU
		{40EFCC82-8C8B-45AE-9D42-F53FE3EBA34A}.Debug|Any CPU.ActiveCfg = Debug|Any CPU
		{40EFCC82-8C8B-45AE-9D42-F53FE3EBA34A}.Debug|Any CPU.Build.0 = Debug|Any CPU
		{40EFCC82-8C8B-45AE-9D42-F53FE3EBA34A}.Release|Any CPU.ActiveCfg = Release|Any CPU
		{40EFCC82-8C8B-45AE-9D42-F53FE3EBA34A}.Release|Any CPU.Build.0 = Release|Any CPU
		{B8CBEF4E-C4AE-4BCC-80B1-16EB88DFAA25}.Debug|Any CPU.ActiveCfg = Debug|Any CPU
		{B8CBEF4E-C4AE-4BCC-80B1-16EB88DFAA25}.Debug|Any CPU.Build.0 = Debug|Any CPU
		{B8CBEF4E-C4AE-4BCC-80B1-16EB88DFAA25}.Release|Any CPU.ActiveCfg = Release|Any CPU
		{B8CBEF4E-C4AE-4BCC-80B1-16EB88DFAA25}.Release|Any CPU.Build.0 = Release|Any CPU
		{F492F3EF-857C-43C5-80BE-9D928E45203D}.Debug|Any CPU.ActiveCfg = Debug|Any CPU
		{F492F3EF-857C-43C5-80BE-9D928E45203D}.Debug|Any CPU.Build.0 = Debug|Any CPU
		{F492F3EF-857C-43C5-80BE-9D928E45203D}.Release|Any CPU.ActiveCfg = Release|Any CPU
		{F492F3EF-857C-43C5-80BE-9D928E45203D}.Release|Any CPU.Build.0 = Release|Any CPU
		{4EDD7CDC-64C4-4B7B-9208-9254866D2E57}.Debug|Any CPU.ActiveCfg = Debug|Any CPU
		{4EDD7CDC-64C4-4B7B-9208-9254866D2E57}.Debug|Any CPU.Build.0 = Debug|Any CPU
		{4EDD7CDC-64C4-4B7B-9208-9254866D2E57}.Release|Any CPU.ActiveCfg = Release|Any CPU
		{4EDD7CDC-64C4-4B7B-9208-9254866D2E57}.Release|Any CPU.Build.0 = Release|Any CPU
		{F7DDC361-8129-4AB7-B88C-5AB81E151BA7}.Debug|Any CPU.ActiveCfg = Debug|Any CPU
		{F7DDC361-8129-4AB7-B88C-5AB81E151BA7}.Debug|Any CPU.Build.0 = Debug|Any CPU
		{F7DDC361-8129-4AB7-B88C-5AB81E151BA7}.Release|Any CPU.ActiveCfg = Release|Any CPU
		{F7DDC361-8129-4AB7-B88C-5AB81E151BA7}.Release|Any CPU.Build.0 = Release|Any CPU
	EndGlobalSection
	GlobalSection(SolutionProperties) = preSolution
		HideSolutionNode = FALSE
	EndGlobalSection
	GlobalSection(NestedProjects) = preSolution
		{F492F3EF-857C-43C5-80BE-9D928E45203D} = {091CA30C-46A5-4F82-850D-EA4BF74876AA}
	EndGlobalSection
	GlobalSection(ExtensibilityGlobals) = postSolution
		SolutionGuid = {85D52605-2970-4263-8C00-2BBEB693987D}
	EndGlobalSection
EndGlobal
